
Microsoft Visual Studio Solution File, Format Version 12.00
# Visual Studio Version 16
VisualStudioVersion = 16.0.31624.102
MinimumVisualStudioVersion = 10.0.40219.1
Project("{8BC9CEB8-8B4A-11D0-8D11-00A0C91BC942}") = "MinecraftDemo", "MinecraftDemo\MinecraftDemo.vcxproj", "{A44E152A-B9C3-4862-AB37-95F977029C0F}"
EndProject
Global
	GlobalSection(SolutionConfigurationPlatforms) = preSolution
		Debug|x64 = Debug|x64
		Debug|x86 = Debug|x86
		Release|x64 = Release|x64
		Release|x86 = Release|x86
	EndGlobalSection
	GlobalSection(ProjectConfigurationPlatforms) = postSolution
		{A44E152A-B9C3-4862-AB37-95F977029C0F}.Debug|x64.ActiveCfg = Debug|x64
		{A44E152A-B9C3-4862-AB37-95F977029C0F}.Debug|x64.Build.0 = Debug|x64
		{A44E152A-B9C3-4862-AB37-95F977029C0F}.Debug|x86.ActiveCfg = Debug|Win32
		{A44E152A-B9C3-4862-AB37-95F977029C0F}.Debug|x86.Build.0 = Debug|Win32
		{A44E152A-B9C3-4862-AB37-95F977029C0F}.Release|x64.ActiveCfg = Release|x64
		{A44E152A-B9C3-4862-AB37-95F977029C0F}.Release|x64.Build.0 = Release|x64
		{A44E152A-B9C3-4862-AB37-95F977029C0F}.Release|x86.ActiveCfg = Release|Win32
		{A44E152A-B9C3-4862-AB37-95F977029C0F}.Release|x86.Build.0 = Release|Win32
	EndGlobalSection
	GlobalSection(SolutionProperties) = preSolution
		HideSolutionNode = FALSE
	EndGlobalSection
	GlobalSection(ExtensibilityGlobals) = postSolution
		SolutionGuid = {0AEBCC6B-7DF0-4D76-B1DD-BC7133CADC83}
	EndGlobalSection
EndGlobal
